// !$*UTF8*$!
{
	archiveVersion = 1;
	classes = {
	};
	objectVersion = 77;
	objects = {

/* Begin PBXBuildFile section */
		KURS000000000000000000D /* KursoCore in Frameworks */ = {isa = PBXBuildFile; productRef = KURS000000000000000000B /* KursoCore */; };
		KURS000000000000000000E /* KursoModels in Frameworks */ = {isa = PBXBuildFile; productRef = KURS000000000000000000C /* KursoModels */; };
/* End PBXBuildFile section */

/* Begin PBXFileReference section */
		KURS0000000000000000003 /* Kurso.app */ = {isa = PBXFileReference; explicitFileType = wrapper.application; includeInIndex = 0; path = Kurso.app; sourceTree = BUILT_PRODUCTS_DIR; };
/* End PBXFileReference section */

/* Begin PBXFileSystemSynchronizedRootGroup section */
		KURS0000000000000000004 /* Kurso */ = {
			isa = PBXFileSystemSynchronizedRootGroup;
			path = Kurso;
			sourceTree = "<group>";
		};
/* End PBXFileSystemSynchronizedRootGroup section */

/* Begin PBXFrameworksBuildPhase section */
		KURS0000000000000000008 /* Frameworks */ = {
			isa = PBXFrameworksBuildPhase;
			buildActionMask = 2147483647;
			files = (
				KURS000000000000000000D /* KursoCore in Frameworks */,
				KURS000000000000000000E /* KursoModels in Frameworks */,
			);
			runOnlyForDeploymentPostprocessing = 0;
		};
/* End PBXFrameworksBuildPhase section */

/* Begin PBXGroup section */
		KURS0000000000000000005 = {
			isa = PBXGroup;
			children = (
				KURS0000000000000000004 /* Kurso */,
				KURS0000000000000000006 /* Products */,
			);
			sourceTree = "<group>";
		};
		KURS0000000000000000006 /* Products */ = {
			isa = PBXGroup;
			children = (
				KURS0000000000000000003 /* Kurso.app */,
			);
			name = Products;
			sourceTree = "<group>";
		};
/* End PBXGroup section */

/* Begin PBXNativeTarget section */
		KURS0000000000000000002 /* Kurso */ = {
			isa = PBXNativeTarget;
			buildConfigurationList = KURS0000000000000000010 /* Build configuration list for PBXNativeTarget "Kurso" */;
			buildPhases = (
				KURS0000000000000000007 /* Sources */,
				KURS0000000000000000008 /* Frameworks */,
				KURS0000000000000000009 /* Resources */,
			);
			buildRules = (
			);
			dependencies = (
			);
			fileSystemSynchronizedGroups = (
				KURS0000000000000000004 /* Kurso */,
			);
			name = Kurso;
			packageProductDependencies = (
				KURS000000000000000000B /* KursoCore */,
				KURS000000000000000000C /* KursoModels */,
			);
			productName = Kurso;
			productReference = KURS0000000000000000003 /* Kurso.app */;
			productType = "com.apple.product-type.application";
		};
/* End PBXNativeTarget section */

/* Begin PBXProject section */
		KURS0000000000000000001 /* Project object */ = {
			isa = PBXProject;
			attributes = {
				BuildIndependentTargetsInParallel = 1;
				LastSwiftUpdateCheck = 2660;
				LastUpgradeCheck = 2660;
				TargetAttributes = {
					KURS0000000000000000002 = {
						CreatedOnToolsVersion = 26.6;
					};
				};
			};
			buildConfigurationList = KURS000000000000000000F /* Build configuration list for PBXProject "Kurso" */;
			developmentRegion = fr;
			hasScannedForEncodings = 0;
			knownRegions = (
				fr,
				Base,
			);
			mainGroup = KURS0000000000000000005;
			minimizedProjectReferenceProxies = 1;
			packageReferences = (
				KURS000000000000000000A /* XCLocalSwiftPackageReference "KursoCore" */,
			);
			preferredProjectObjectVersion = 77;
			productRefGroup = KURS0000000000000000006 /* Products */;
			projectDirPath = "";
			projectRoot = "";
			targets = (
				KURS0000000000000000002 /* Kurso */,
			);
		};
/* End PBXProject section */

/* Begin PBXResourcesBuildPhase section */
		KURS0000000000000000009 /* Resources */ = {
			isa = PBXResourcesBuildPhase;
			buildActionMask = 2147483647;
			files = (
			);
			runOnlyForDeploymentPostprocessing = 0;
		};
/* End PBXResourcesBuildPhase section */

/* Begin PBXSourcesBuildPhase section */
		KURS0000000000000000007 /* Sources */ = {
			isa = PBXSourcesBuildPhase;
			buildActionMask = 2147483647;
			files = (
			);
			runOnlyForDeploymentPostprocessing = 0;
		};
/* End PBXSourcesBuildPhase section */

/* Begin XCBuildConfiguration section */
		KURS0000000000000000011 /* Debug */ = {
			isa = XCBuildConfiguration;
			buildSettings = {
				ALWAYS_SEARCH_USER_PATHS = NO;
				CLANG_ENABLE_OBJC_WEAK = YES;
				COPY_PHASE_STRIP = NO;
				DEBUG_INFORMATION_FORMAT = dwarf;
				ENABLE_STRICT_OBJC_MSGSEND = YES;
				ENABLE_TESTABILITY = YES;
				GCC_OPTIMIZATION_LEVEL = 0;
				GCC_PREPROCESSOR_DEFINITIONS = (
					"DEBUG=1",
					"$(inherited)",
				);
				MTL_ENABLE_DEBUG_INFO = INCLUDE_SOURCE;
				ONLY_ACTIVE_ARCH = YES;
				SWIFT_ACTIVE_COMPILATION_CONDITIONS = "DEBUG $(inherited)";
				SWIFT_OPTIMIZATION_LEVEL = "-Onone";
				SWIFT_STRICT_CONCURRENCY = complete;
			};
			name = Debug;
		};
		KURS0000000000000000012 /* Release */ = {
			isa = XCBuildConfiguration;
			buildSettings = {
				ALWAYS_SEARCH_USER_PATHS = NO;
				CLANG_ENABLE_OBJC_WEAK = YES;
				COPY_PHASE_STRIP = NO;
				DEBUG_INFORMATION_FORMAT = "dwarf-with-dsym";
				ENABLE_NS_ASSERTIONS = NO;
				ENABLE_STRICT_OBJC_MSGSEND = YES;
				MTL_ENABLE_DEBUG_INFO = NO;
				SWIFT_COMPILATION_MODE = wholemodule;
				SWIFT_STRICT_CONCURRENCY = complete;
				VALIDATE_PRODUCT = YES;
			};
			name = Release;
		};
		KURS0000000000000000013 /* Debug */ = {
			isa = XCBuildConfiguration;
			buildSettings = {
				CODE_SIGN_STYLE = Automatic;
				CURRENT_PROJECT_VERSION = 1;
				DEVELOPMENT_TEAM = 5HC38S89KG;
				ENABLE_PREVIEWS = YES;
				GENERATE_INFOPLIST_FILE = YES;
				INFOPLIST_KEY_NSMicrophoneUsageDescription = "Pour enregistrer le cours et le recoller a ce que tu ecris.";
				INFOPLIST_KEY_UIApplicationSceneManifest_Generation = YES;
				INFOPLIST_KEY_UILaunchScreen_Generation = YES;
				INFOPLIST_KEY_UISupportedInterfaceOrientations = "UIInterfaceOrientationPortrait UIInterfaceOrientationLandscapeLeft UIInterfaceOrientationLandscapeRight";
				IPHONEOS_DEPLOYMENT_TARGET = 18.0;
				MACOSX_DEPLOYMENT_TARGET = 15.0;
				MARKETING_VERSION = 1.0;
				PRODUCT_BUNDLE_IDENTIFIER = com.enzomerfeld.kurso;
				PRODUCT_NAME = "$(TARGET_NAME)";
				SDKROOT = auto;
				SUPPORTED_PLATFORMS = "iphoneos iphonesimulator macosx";
				SWIFT_EMIT_LOC_STRINGS = YES;
				SWIFT_VERSION = 6.0;
				TARGETED_DEVICE_FAMILY = "1,2";
			};
			name = Debug;
		};
		KURS0000000000000000014 /* Release */ = {
			isa = XCBuildConfiguration;
			buildSettings = {
				CODE_SIGN_STYLE = Automatic;
				CURRENT_PROJECT_VERSION = 1;
				DEVELOPMENT_TEAM = 5HC38S89KG;
				ENABLE_PREVIEWS = YES;
				GENERATE_INFOPLIST_FILE = YES;
				INFOPLIST_KEY_NSMicrophoneUsageDescription = "Pour enregistrer le cours et le recoller a ce que tu ecris.";
				INFOPLIST_KEY_UIApplicationSceneManifest_Generation = YES;
				INFOPLIST_KEY_UILaunchScreen_Generation = YES;
				INFOPLIST_KEY_UISupportedInterfaceOrientations = "UIInterfaceOrientationPortrait UIInterfaceOrientationLandscapeLeft UIInterfaceOrientationLandscapeRight";
				IPHONEOS_DEPLOYMENT_TARGET = 18.0;
				MACOSX_DEPLOYMENT_TARGET = 15.0;
				MARKETING_VERSION = 1.0;
				PRODUCT_BUNDLE_IDENTIFIER = com.enzomerfeld.kurso;
				PRODUCT_NAME = "$(TARGET_NAME)";
				SDKROOT = auto;
				SUPPORTED_PLATFORMS = "iphoneos iphonesimulator macosx";
				SWIFT_EMIT_LOC_STRINGS = YES;
				SWIFT_VERSION = 6.0;
				TARGETED_DEVICE_FAMILY = "1,2";
			};
			name = Release;
		};
/* End XCBuildConfiguration section */

/* Begin XCConfigurationList section */
		KURS000000000000000000F /* Build configuration list for PBXProject "Kurso" */ = {
			isa = XCConfigurationList;
			buildConfigurations = (
				KURS0000000000000000011 /* Debug */,
				KURS0000000000000000012 /* Release */,
			);
			defaultConfigurationIsVisible = 0;
			defaultConfigurationName = Release;
		};
		KURS0000000000000000010 /* Build configuration list for PBXNativeTarget "Kurso" */ = {
			isa = XCConfigurationList;
			buildConfigurations = (
				KURS0000000000000000013 /* Debug */,
				KURS0000000000000000014 /* Release */,
			);
			defaultConfigurationIsVisible = 0;
			defaultConfigurationName = Release;
		};
/* End XCConfigurationList section */

/* Begin XCLocalSwiftPackageReference section */
		KURS000000000000000000A /* XCLocalSwiftPackageReference "KursoCore" */ = {
			isa = XCLocalSwiftPackageReference;
			relativePath = KursoCore;
		};
/* End XCLocalSwiftPackageReference section */

/* Begin XCSwiftPackageProductDependency section */
		KURS000000000000000000B /* KursoCore */ = {
			isa = XCSwiftPackageProductDependency;
			productName = KursoCore;
		};
		KURS000000000000000000C /* KursoModels */ = {
			isa = XCSwiftPackageProductDependency;
			productName = KursoModels;
		};
/* End XCSwiftPackageProductDependency section */
	};
	rootObject = KURS0000000000000000001 /* Project object */;
}
